// !$*UTF8*$!
{
	archiveVersion = 1;
	classes = {
	};
	objectVersion = 50;
	objects = {

/* Begin PBXBuildFile section */
		549B6BC59707B9F0B36FE973 /* Pods_hero_esTests.framework in Frameworks */ = {isa = PBXBuildFile; fileRef = 81C55C5D2DC85724B748FF2E /* Pods_hero_esTests.framework */; };
		5985F7943358F3A7B8D53404 /* Pods_hero_es_hero_esUITests.framework in Frameworks */ = {isa = PBXBuildFile; fileRef = 2772D5F6C7091E86502C0654 /* Pods_hero_es_hero_esUITests.framework */; };
		685E5D9AAEC00A3C2C5508C2 /* Pods_hero_es.framework in Frameworks */ = {isa = PBXBuildFile; fileRef = F9D9EA24D74F6BDDBBED9E98 /* Pods_hero_es.framework */; };
		C97B903725411037004233F2 /* HeroesListViewController.swift in Sources */ = {isa = PBXBuildFile; fileRef = C97B903625411037004233F2 /* HeroesListViewController.swift */; };
		C98D7CFB254058CD00D95BC8 /* HeroListTableViewCell.swift in Sources */ = {isa = PBXBuildFile; fileRef = C98D7CF9254058CD00D95BC8 /* HeroListTableViewCell.swift */; };
		C98D7CFC254058CD00D95BC8 /* HeroListTableViewCell.xib in Resources */ = {isa = PBXBuildFile; fileRef = C98D7CFA254058CD00D95BC8 /* HeroListTableViewCell.xib */; };
		C98D7D0C2540704C00D95BC8 /* HeroDetailsViewController.swift in Sources */ = {isa = PBXBuildFile; fileRef = C98D7D0B2540704C00D95BC8 /* HeroDetailsViewController.swift */; };
		C99441F525508225004F2D82 /* ComicsList.storyboard in Resources */ = {isa = PBXBuildFile; fileRef = C99441F425508225004F2D82 /* ComicsList.storyboard */; };
		C99441FD25508241004F2D82 /* ComicsListViewController.swift in Sources */ = {isa = PBXBuildFile; fileRef = C99441FC25508241004F2D82 /* ComicsListViewController.swift */; };
		C99442092550C18B004F2D82 /* FavoritesViewController.swift in Sources */ = {isa = PBXBuildFile; fileRef = C99442082550C18B004F2D82 /* FavoritesViewController.swift */; };
		C99442112550C19B004F2D82 /* Favorites.storyboard in Resources */ = {isa = PBXBuildFile; fileRef = C99442102550C19B004F2D82 /* Favorites.storyboard */; };
		C99442162550CAFF004F2D82 /* ConfigViewController.swift in Sources */ = {isa = PBXBuildFile; fileRef = C99442152550CAFF004F2D82 /* ConfigViewController.swift */; };
		C994421C2550CB23004F2D82 /* Config.storyboard in Resources */ = {isa = PBXBuildFile; fileRef = C994421B2550CB23004F2D82 /* Config.storyboard */; };
		C9B1436E253FBA400013DC42 /* AppDelegate.swift in Sources */ = {isa = PBXBuildFile; fileRef = C9B1436D253FBA400013DC42 /* AppDelegate.swift */; };
		C9B14370253FBA400013DC42 /* SceneDelegate.swift in Sources */ = {isa = PBXBuildFile; fileRef = C9B1436F253FBA400013DC42 /* SceneDelegate.swift */; };
		C9B14372253FBA400013DC42 /* MainViewController.swift in Sources */ = {isa = PBXBuildFile; fileRef = C9B14371253FBA400013DC42 /* MainViewController.swift */; };
		C9B14378253FBA410013DC42 /* hero_es.xcdatamodeld in Sources */ = {isa = PBXBuildFile; fileRef = C9B14376253FBA410013DC42 /* hero_es.xcdatamodeld */; };
		C9B1437A253FBA6F0013DC42 /* Assets.xcassets in Resources */ = {isa = PBXBuildFile; fileRef = C9B14379253FBA6F0013DC42 /* Assets.xcassets */; };
		C9B1437D253FBA6F0013DC42 /* LaunchScreen.storyboard in Resources */ = {isa = PBXBuildFile; fileRef = C9B1437B253FBA6F0013DC42 /* LaunchScreen.storyboard */; };
		C9B14388253FBA7E0013DC42 /* hero_esTests.swift in Sources */ = {isa = PBXBuildFile; fileRef = C9B14387253FBA7E0013DC42 /* hero_esTests.swift */; };
		C9B14393253FBA7E0013DC42 /* hero_esUITests.swift in Sources */ = {isa = PBXBuildFile; fileRef = C9B14392253FBA7E0013DC42 /* hero_esUITests.swift */; };
		C9B143AC253FD78F0013DC42 /* HeroesList.storyboard in Resources */ = {isa = PBXBuildFile; fileRef = C9B143AB253FD78F0013DC42 /* HeroesList.storyboard */; };
		C9B52A3A2543AFCD00F9957D /* AlertUtils.swift in Sources */ = {isa = PBXBuildFile; fileRef = C9B52A392543AFCD00F9957D /* AlertUtils.swift */; };
		C9B89A352541F808002946CA /* Main.storyboard in Resources */ = {isa = PBXBuildFile; fileRef = C9B14373253FBA410013DC42 /* Main.storyboard */; };
		C9B89A3A2541F81D002946CA /* HeroDetails.storyboard in Resources */ = {isa = PBXBuildFile; fileRef = C9B89A392541F81D002946CA /* HeroDetails.storyboard */; };
		C9B89A4125420AF3002946CA /* Hero.swift in Sources */ = {isa = PBXBuildFile; fileRef = C9B89A4025420AF3002946CA /* Hero.swift */; };
		C9B89A4A25420B5E002946CA /* ItemProtocol.swift in Sources */ = {isa = PBXBuildFile; fileRef = C9B89A4925420B5E002946CA /* ItemProtocol.swift */; };
		C9B89A5525420C97002946CA /* SeedProtocol.swift in Sources */ = {isa = PBXBuildFile; fileRef = C9B89A5425420C97002946CA /* SeedProtocol.swift */; };
		C9B89A5A25420D4F002946CA /* HeroSeed.swift in Sources */ = {isa = PBXBuildFile; fileRef = C9B89A5925420D4F002946CA /* HeroSeed.swift */; };
		C9B89A62254213B3002946CA /* Searchable.swift in Sources */ = {isa = PBXBuildFile; fileRef = C9B89A61254213B3002946CA /* Searchable.swift */; };
		C9CD7E3725433083001E5E54 /* CreateAccountViewController.swift in Sources */ = {isa = PBXBuildFile; fileRef = C9CD7E3625433082001E5E54 /* CreateAccountViewController.swift */; };
		C9CD7E3C254330B1001E5E54 /* CreateAccount.storyboard in Resources */ = {isa = PBXBuildFile; fileRef = C9CD7E3B254330B1001E5E54 /* CreateAccount.storyboard */; };
		C9CD7E43254341EC001E5E54 /* AppTabBar.swift in Sources */ = {isa = PBXBuildFile; fileRef = C9CD7E42254341E7001E5E54 /* AppTabBar.swift */; };
		C9FAFB75255627DE002F6859 /* FoundationUtils.swift in Sources */ = {isa = PBXBuildFile; fileRef = C9FAFB74255627DE002F6859 /* FoundationUtils.swift */; };
		C9FAFB8325563D64002F6859 /* FirebaseService.swift in Sources */ = {isa = PBXBuildFile; fileRef = C9FAFB8225563D64002F6859 /* FirebaseService.swift */; };
/* End PBXBuildFile section */

/* Begin PBXContainerItemProxy section */
		C9B14384253FBA7E0013DC42 /* PBXContainerItemProxy */ = {
			isa = PBXContainerItemProxy;
			containerPortal = C9B14362253FBA400013DC42 /* Project object */;
			proxyType = 1;
			remoteGlobalIDString = C9B14369253FBA400013DC42;
			remoteInfo = hero.es;
		};
		C9B1438F253FBA7E0013DC42 /* PBXContainerItemProxy */ = {
			isa = PBXContainerItemProxy;
			containerPortal = C9B14362253FBA400013DC42 /* Project object */;
			proxyType = 1;
			remoteGlobalIDString = C9B14369253FBA400013DC42;
			remoteInfo = hero.es;
		};
/* End PBXContainerItemProxy section */

/* Begin PBXFileReference section */
		2518CB40F3E47BB029DD3427 /* Pods-hero.es-hero.esUITests.release.xcconfig */ = {isa = PBXFileReference; includeInIndex = 1; lastKnownFileType = text.xcconfig; name = "Pods-hero.es-hero.esUITests.release.xcconfig"; path = "Target Support Files/Pods-hero.es-hero.esUITests/Pods-hero.es-hero.esUITests.release.xcconfig"; sourceTree = "<group>"; };
		2772D5F6C7091E86502C0654 /* Pods_hero_es_hero_esUITests.framework */ = {isa = PBXFileReference; explicitFileType = wrapper.framework; includeInIndex = 0; path = Pods_hero_es_hero_esUITests.framework; sourceTree = BUILT_PRODUCTS_DIR; };
		56259D78014D200E9265C529 /* Pods-hero.es.release.xcconfig */ = {isa = PBXFileReference; includeInIndex = 1; lastKnownFileType = text.xcconfig; name = "Pods-hero.es.release.xcconfig"; path = "Target Support Files/Pods-hero.es/Pods-hero.es.release.xcconfig"; sourceTree = "<group>"; };
		6CF671E52F3F6F7FFDF8B9C3 /* Pods-hero.esTests.debug.xcconfig */ = {isa = PBXFileReference; includeInIndex = 1; lastKnownFileType = text.xcconfig; name = "Pods-hero.esTests.debug.xcconfig"; path = "Target Support Files/Pods-hero.esTests/Pods-hero.esTests.debug.xcconfig"; sourceTree = "<group>"; };
		81C55C5D2DC85724B748FF2E /* Pods_hero_esTests.framework */ = {isa = PBXFileReference; explicitFileType = wrapper.framework; includeInIndex = 0; path = Pods_hero_esTests.framework; sourceTree = BUILT_PRODUCTS_DIR; };
		9D8E5A1CFF566C8FA17C41E6 /* Pods-hero.esTests.release.xcconfig */ = {isa = PBXFileReference; includeInIndex = 1; lastKnownFileType = text.xcconfig; name = "Pods-hero.esTests.release.xcconfig"; path = "Target Support Files/Pods-hero.esTests/Pods-hero.esTests.release.xcconfig"; sourceTree = "<group>"; };
		C97B903625411037004233F2 /* HeroesListViewController.swift */ = {isa = PBXFileReference; lastKnownFileType = sourcecode.swift; path = HeroesListViewController.swift; sourceTree = "<group>"; };
		C98D7CF9254058CD00D95BC8 /* HeroListTableViewCell.swift */ = {isa = PBXFileReference; lastKnownFileType = sourcecode.swift; path = HeroListTableViewCell.swift; sourceTree = "<group>"; };
		C98D7CFA254058CD00D95BC8 /* HeroListTableViewCell.xib */ = {isa = PBXFileReference; lastKnownFileType = file.xib; path = HeroListTableViewCell.xib; sourceTree = "<group>"; };
		C98D7D0B2540704C00D95BC8 /* HeroDetailsViewController.swift */ = {isa = PBXFileReference; lastKnownFileType = sourcecode.swift; path = HeroDetailsViewController.swift; sourceTree = "<group>"; };
		C99441F425508225004F2D82 /* ComicsList.storyboard */ = {isa = PBXFileReference; lastKnownFileType = file.storyboard; path = ComicsList.storyboard; sourceTree = "<group>"; };
		C99441FC25508241004F2D82 /* ComicsListViewController.swift */ = {isa = PBXFileReference; lastKnownFileType = sourcecode.swift; path = ComicsListViewController.swift; sourceTree = "<group>"; };
		C99442082550C18B004F2D82 /* FavoritesViewController.swift */ = {isa = PBXFileReference; lastKnownFileType = sourcecode.swift; name = FavoritesViewController.swift; path = hero.es/Views/Favorites/FavoritesViewController.swift; sourceTree = SOURCE_ROOT; };
		C99442102550C19B004F2D82 /* Favorites.storyboard */ = {isa = PBXFileReference; lastKnownFileType = file.storyboard; path = Favorites.storyboard; sourceTree = "<group>"; };
		C99442152550CAFF004F2D82 /* ConfigViewController.swift */ = {isa = PBXFileReference; lastKnownFileType = sourcecode.swift; name = ConfigViewController.swift; path = hero.es/Views/ConfigViewController.swift; sourceTree = SOURCE_ROOT; };
		C994421B2550CB23004F2D82 /* Config.storyboard */ = {isa = PBXFileReference; lastKnownFileType = file.storyboard; path = Config.storyboard; sourceTree = "<group>"; };
		C9B1436A253FBA400013DC42 /* hero.es.app */ = {isa = PBXFileReference; explicitFileType = wrapper.application; includeInIndex = 0; path = hero.es.app; sourceTree = BUILT_PRODUCTS_DIR; };
		C9B1436D253FBA400013DC42 /* AppDelegate.swift */ = {isa = PBXFileReference; lastKnownFileType = sourcecode.swift; path = AppDelegate.swift; sourceTree = "<group>"; };
		C9B1436F253FBA400013DC42 /* SceneDelegate.swift */ = {isa = PBXFileReference; lastKnownFileType = sourcecode.swift; path = SceneDelegate.swift; sourceTree = "<group>"; };
		C9B14371253FBA400013DC42 /* MainViewController.swift */ = {isa = PBXFileReference; lastKnownFileType = sourcecode.swift; path = MainViewController.swift; sourceTree = "<group>"; };
		C9B14374253FBA410013DC42 /* Base */ = {isa = PBXFileReference; lastKnownFileType = file.storyboard; name = Base; path = Base.lproj/Main.storyboard; sourceTree = "<group>"; };
		C9B14377253FBA410013DC42 /* hero_es.xcdatamodel */ = {isa = PBXFileReference; lastKnownFileType = wrapper.xcdatamodel; path = hero_es.xcdatamodel; sourceTree = "<group>"; };
		C9B14379253FBA6F0013DC42 /* Assets.xcassets */ = {isa = PBXFileReference; lastKnownFileType = folder.assetcatalog; path = Assets.xcassets; sourceTree = "<group>"; };
		C9B1437C253FBA6F0013DC42 /* Base */ = {isa = PBXFileReference; lastKnownFileType = file.storyboard; name = Base; path = Base.lproj/LaunchScreen.storyboard; sourceTree = "<group>"; };
		C9B1437E253FBA6F0013DC42 /* Info.plist */ = {isa = PBXFileReference; lastKnownFileType = text.plist.xml; path = Info.plist; sourceTree = "<group>"; };
		C9B14383253FBA7E0013DC42 /* hero.esTests.xctest */ = {isa = PBXFileReference; explicitFileType = wrapper.cfbundle; includeInIndex = 0; path = hero.esTests.xctest; sourceTree = BUILT_PRODUCTS_DIR; };
		C9B14387253FBA7E0013DC42 /* hero_esTests.swift */ = {isa = PBXFileReference; lastKnownFileType = sourcecode.swift; path = hero_esTests.swift; sourceTree = "<group>"; };
		C9B14389253FBA7E0013DC42 /* Info.plist */ = {isa = PBXFileReference; lastKnownFileType = text.plist.xml; path = Info.plist; sourceTree = "<group>"; };
		C9B1438E253FBA7E0013DC42 /* hero.esUITests.xctest */ = {isa = PBXFileReference; explicitFileType = wrapper.cfbundle; includeInIndex = 0; path = hero.esUITests.xctest; sourceTree = BUILT_PRODUCTS_DIR; };
		C9B14392253FBA7E0013DC42 /* hero_esUITests.swift */ = {isa = PBXFileReference; lastKnownFileType = sourcecode.swift; path = hero_esUITests.swift; sourceTree = "<group>"; };
		C9B14394253FBA7E0013DC42 /* Info.plist */ = {isa = PBXFileReference; lastKnownFileType = text.plist.xml; path = Info.plist; sourceTree = "<group>"; };
		C9B143AB253FD78F0013DC42 /* HeroesList.storyboard */ = {isa = PBXFileReference; lastKnownFileType = file.storyboard; path = HeroesList.storyboard; sourceTree = "<group>"; };
		C9B52A392543AFCD00F9957D /* AlertUtils.swift */ = {isa = PBXFileReference; lastKnownFileType = sourcecode.swift; path = AlertUtils.swift; sourceTree = "<group>"; };
		C9B89A392541F81D002946CA /* HeroDetails.storyboard */ = {isa = PBXFileReference; lastKnownFileType = file.storyboard; path = HeroDetails.storyboard; sourceTree = "<group>"; };
		C9B89A4025420AF3002946CA /* Hero.swift */ = {isa = PBXFileReference; lastKnownFileType = sourcecode.swift; path = Hero.swift; sourceTree = "<group>"; };
		C9B89A4925420B5E002946CA /* ItemProtocol.swift */ = {isa = PBXFileReference; lastKnownFileType = sourcecode.swift; path = ItemProtocol.swift; sourceTree = "<group>"; };
		C9B89A5425420C97002946CA /* SeedProtocol.swift */ = {isa = PBXFileReference; lastKnownFileType = sourcecode.swift; path = SeedProtocol.swift; sourceTree = "<group>"; };
		C9B89A5925420D4F002946CA /* HeroSeed.swift */ = {isa = PBXFileReference; lastKnownFileType = sourcecode.swift; path = HeroSeed.swift; sourceTree = "<group>"; };
		C9B89A61254213B3002946CA /* Searchable.swift */ = {isa = PBXFileReference; lastKnownFileType = sourcecode.swift; path = Searchable.swift; sourceTree = "<group>"; };
		C9CD7E3625433082001E5E54 /* CreateAccountViewController.swift */ = {isa = PBXFileReference; lastKnownFileType = sourcecode.swift; name = CreateAccountViewController.swift; path = hero.es/Views/CreateAccount/CreateAccountViewController.swift; sourceTree = SOURCE_ROOT; };
		C9CD7E3B254330B1001E5E54 /* CreateAccount.storyboard */ = {isa = PBXFileReference; lastKnownFileType = file.storyboard; path = CreateAccount.storyboard; sourceTree = "<group>"; };
		C9CD7E42254341E7001E5E54 /* AppTabBar.swift */ = {isa = PBXFileReference; lastKnownFileType = sourcecode.swift; path = AppTabBar.swift; sourceTree = "<group>"; };
		C9FAFB74255627DE002F6859 /* FoundationUtils.swift */ = {isa = PBXFileReference; lastKnownFileType = sourcecode.swift; path = FoundationUtils.swift; sourceTree = "<group>"; };
		C9FAFB8225563D64002F6859 /* FirebaseService.swift */ = {isa = PBXFileReference; lastKnownFileType = sourcecode.swift; path = FirebaseService.swift; sourceTree = "<group>"; };
		F85A11331F4B3700DA65B21C /* Pods-hero.es-hero.esUITests.debug.xcconfig */ = {isa = PBXFileReference; includeInIndex = 1; lastKnownFileType = text.xcconfig; name = "Pods-hero.es-hero.esUITests.debug.xcconfig"; path = "Target Support Files/Pods-hero.es-hero.esUITests/Pods-hero.es-hero.esUITests.debug.xcconfig"; sourceTree = "<group>"; };
		F9D9EA24D74F6BDDBBED9E98 /* Pods_hero_es.framework */ = {isa = PBXFileReference; explicitFileType = wrapper.framework; includeInIndex = 0; path = Pods_hero_es.framework; sourceTree = BUILT_PRODUCTS_DIR; };
		FF93D6BB371CE1FCA5D5A313 /* Pods-hero.es.debug.xcconfig */ = {isa = PBXFileReference; includeInIndex = 1; lastKnownFileType = text.xcconfig; name = "Pods-hero.es.debug.xcconfig"; path = "Target Support Files/Pods-hero.es/Pods-hero.es.debug.xcconfig"; sourceTree = "<group>"; };
/* End PBXFileReference section */

/* Begin PBXFrameworksBuildPhase section */
		C9B14367253FBA400013DC42 /* Frameworks */ = {
			isa = PBXFrameworksBuildPhase;
			buildActionMask = 2147483647;
			files = (
				685E5D9AAEC00A3C2C5508C2 /* Pods_hero_es.framework in Frameworks */,
			);
			runOnlyForDeploymentPostprocessing = 0;
		};
		C9B14380253FBA7E0013DC42 /* Frameworks */ = {
			isa = PBXFrameworksBuildPhase;
			buildActionMask = 2147483647;
			files = (
				549B6BC59707B9F0B36FE973 /* Pods_hero_esTests.framework in Frameworks */,
			);
			runOnlyForDeploymentPostprocessing = 0;
		};
		C9B1438B253FBA7E0013DC42 /* Frameworks */ = {
			isa = PBXFrameworksBuildPhase;
			buildActionMask = 2147483647;
			files = (
				5985F7943358F3A7B8D53404 /* Pods_hero_es_hero_esUITests.framework in Frameworks */,
			);
			runOnlyForDeploymentPostprocessing = 0;
		};
/* End PBXFrameworksBuildPhase section */

/* Begin PBXGroup section */
		C98D7CF62540585600D95BC8 /* HeroesList */ = {
			isa = PBXGroup;
			children = (
				C98D7CF82540588200D95BC8 /* HeroCell */,
				C9B143AB253FD78F0013DC42 /* HeroesList.storyboard */,
			);
			path = HeroesList;
			sourceTree = "<group>";
		};
		C98D7CF72540586900D95BC8 /* Main */ = {
			isa = PBXGroup;
			children = (
				C9B14373253FBA410013DC42 /* Main.storyboard */,
			);
			path = Main;
			sourceTree = "<group>";
		};
		C98D7CF82540588200D95BC8 /* HeroCell */ = {
			isa = PBXGroup;
			children = (
				C98D7CFA254058CD00D95BC8 /* HeroListTableViewCell.xib */,
				C98D7CF9254058CD00D95BC8 /* HeroListTableViewCell.swift */,
			);
			path = HeroCell;
			sourceTree = "<group>";
		};
		C99441F32550820C004F2D82 /* ComicsList */ = {
			isa = PBXGroup;
			children = (
				C99441F425508225004F2D82 /* ComicsList.storyboard */,
			);
			path = ComicsList;
			sourceTree = "<group>";
		};
		C99442072550C15C004F2D82 /* Favorites */ = {
			isa = PBXGroup;
			children = (
				C99442102550C19B004F2D82 /* Favorites.storyboard */,
			);
			path = Favorites;
			sourceTree = "<group>";
		};
		C994421A2550CB0E004F2D82 /* Config */ = {
			isa = PBXGroup;
			children = (
				C994421B2550CB23004F2D82 /* Config.storyboard */,
			);
			path = Config;
			sourceTree = "<group>";
		};
		C9B14361253FBA400013DC42 = {
			isa = PBXGroup;
			children = (
				C9B1436C253FBA400013DC42 /* hero.es */,
				C9B14386253FBA7E0013DC42 /* hero.esTests */,
				C9B14391253FBA7E0013DC42 /* hero.esUITests */,
				C9B1436B253FBA400013DC42 /* Products */,
				4DFC60445E412489B8CD2448 /* Pods */,
				764AE905B8CC1CB601DDDD4F /* Frameworks */,
			);
			sourceTree = "<group>";
		};
		C9B1436B253FBA400013DC42 /* Products */ = {
			isa = PBXGroup;
			children = (
				C9B1436A253FBA400013DC42 /* hero.es.app */,
				C9B14383253FBA7E0013DC42 /* hero.esTests.xctest */,
				C9B1438E253FBA7E0013DC42 /* hero.esUITests.xctest */,
			);
			name = Products;
			sourceTree = "<group>";
		};
		C9B1436C253FBA400013DC42 /* hero.es */ = {
			isa = PBXGroup;
			children = (
				C9B52A382543AFB600F9957D /* Utils */,
				C9B89A4825420B50002946CA /* Protocols */,
				C9B89A3F25420ADD002946CA /* Models */,
				C9B89A4725420B47002946CA /* Seeds */,
				C9B143A3253FD63B0013DC42 /* Views */,
				C9B143A7253FD6AA0013DC42 /* Controllers */,
				C9B1436D253FBA400013DC42 /* AppDelegate.swift */,
				C9B1436F253FBA400013DC42 /* SceneDelegate.swift */,
				C9B14379253FBA6F0013DC42 /* Assets.xcassets */,
				C9B1437B253FBA6F0013DC42 /* LaunchScreen.storyboard */,
				C9B1437E253FBA6F0013DC42 /* Info.plist */,
				C9B14376253FBA410013DC42 /* hero_es.xcdatamodeld */,
			);
			path = hero.es;
			sourceTree = "<group>";
		};
		C9B14386253FBA7E0013DC42 /* hero.esTests */ = {
			isa = PBXGroup;
			children = (
				C9B14387253FBA7E0013DC42 /* hero_esTests.swift */,
				C9B14389253FBA7E0013DC42 /* Info.plist */,
			);
			path = hero.esTests;
			sourceTree = "<group>";
		};
		C9B14391253FBA7E0013DC42 /* hero.esUITests */ = {
			isa = PBXGroup;
			children = (
				C9B14392253FBA7E0013DC42 /* hero_esUITests.swift */,
				C9B14394253FBA7E0013DC42 /* Info.plist */,
			);
			path = hero.esUITests;
			sourceTree = "<group>";
		};
		C9B143A3253FD63B0013DC42 /* Views */ = {
			isa = PBXGroup;
			children = (
				C99441F32550820C004F2D82 /* ComicsList */,
				C994421A2550CB0E004F2D82 /* Config */,
				C9CD7E3525432FBC001E5E54 /* CreateAccount */,
				C99442072550C15C004F2D82 /* Favorites */,
				C9B89A312541F7D4002946CA /* HeroDetails */,
				C98D7CF62540585600D95BC8 /* HeroesList */,
				C98D7CF72540586900D95BC8 /* Main */,
				C9CD7E40254340E5001E5E54 /* Shared */,
			);
			path = Views;
			sourceTree = "<group>";
		};
		C9B143A7253FD6AA0013DC42 /* Controllers */ = {
			isa = PBXGroup;
			children = (
				C99441FC25508241004F2D82 /* ComicsListViewController.swift */,
				C99442152550CAFF004F2D82 /* ConfigViewController.swift */,
				C9CD7E3625433082001E5E54 /* CreateAccountViewController.swift */,
				C99442082550C18B004F2D82 /* FavoritesViewController.swift */,
				C98D7D0B2540704C00D95BC8 /* HeroDetailsViewController.swift */,
				C97B903625411037004233F2 /* HeroesListViewController.swift */,
				C9B14371253FBA400013DC42 /* MainViewController.swift */,
			);
			path = Controllers;
			sourceTree = "<group>";
		};
		C9B52A382543AFB600F9957D /* Utils */ = {
			isa = PBXGroup;
			children = (
				C9B52A392543AFCD00F9957D /* AlertUtils.swift */,
			);
			path = Utils;
			sourceTree = "<group>";
		};
		C9B89A312541F7D4002946CA /* HeroDetails */ = {
			isa = PBXGroup;
			children = (
				C9B89A392541F81D002946CA /* HeroDetails.storyboard */,
			);
			path = HeroDetails;
			sourceTree = "<group>";
		};
		C9B89A3F25420ADD002946CA /* Models */ = {
			isa = PBXGroup;
			children = (
				C9B89A4025420AF3002946CA /* Hero.swift */,
			);
			path = Models;
			sourceTree = "<group>";
		};
		C9B89A4725420B47002946CA /* Seeds */ = {
			isa = PBXGroup;
			children = (
				C9B89A5925420D4F002946CA /* HeroSeed.swift */,
			);
			path = Seeds;
			sourceTree = "<group>";
		};
		C9B89A4825420B50002946CA /* Protocols */ = {
			isa = PBXGroup;
			children = (
				C9B89A4925420B5E002946CA /* ItemProtocol.swift */,
				C9B89A5425420C97002946CA /* SeedProtocol.swift */,
				C9B89A61254213B3002946CA /* Searchable.swift */,
			);
			path = Protocols;
			sourceTree = "<group>";
		};
		C9CD7E3525432FBC001E5E54 /* CreateAccount */ = {
			isa = PBXGroup;
			children = (
				C9CD7E3B254330B1001E5E54 /* CreateAccount.storyboard */,
			);
			path = CreateAccount;
			sourceTree = "<group>";
		};
		C9CD7E40254340E5001E5E54 /* Shared */ = {
			isa = PBXGroup;
			children = (
				C9CD7E412543411F001E5E54 /* AppTabBar */,
			);
			path = Shared;
			sourceTree = "<group>";
		};
		C9CD7E412543411F001E5E54 /* AppTabBar */ = {
			isa = PBXGroup;
			children = (
				C9CD7E42254341E7001E5E54 /* AppTabBar.swift */,
			);
			path = AppTabBar;
			sourceTree = "<group>";
		};
		C9FAFB7C25563B39002F6859 /* Services */ = {
			isa = PBXGroup;
			children = (
				C9B889522557245900E9A375 /* ValidatorService.swift */,
				C9FAFB8225563D64002F6859 /* FirebaseService.swift */,
			);
			path = Services;
			sourceTree = "<group>";
		};
/* End PBXGroup section */

/* Begin PBXNativeTarget section */
		C9B14369253FBA400013DC42 /* hero.es */ = {
			isa = PBXNativeTarget;
			buildConfigurationList = C9B14397253FBA7E0013DC42 /* Build configuration list for PBXNativeTarget "hero.es" */;
			buildPhases = (
				7FFD67700814E68F4D0A8777 /* [CP] Check Pods Manifest.lock */,
				C9B14366253FBA400013DC42 /* Sources */,
				C9B14367253FBA400013DC42 /* Frameworks */,
				C9B14368253FBA400013DC42 /* Resources */,
				F079EF8BA12BEE60604EAA86 /* [CP] Embed Pods Frameworks */,
			);
			buildRules = (
			);
			dependencies = (
			);
			name = hero.es;
			productName = hero.es;
			productReference = C9B1436A253FBA400013DC42 /* hero.es.app */;
			productType = "com.apple.product-type.application";
		};
		C9B14382253FBA7E0013DC42 /* hero.esTests */ = {
			isa = PBXNativeTarget;
			buildConfigurationList = C9B1439A253FBA7E0013DC42 /* Build configuration list for PBXNativeTarget "hero.esTests" */;
			buildPhases = (
				8AE267F28EA25A9F95D752EB /* [CP] Check Pods Manifest.lock */,
				C9B1437F253FBA7E0013DC42 /* Sources */,
				C9B14380253FBA7E0013DC42 /* Frameworks */,
				C9B14381253FBA7E0013DC42 /* Resources */,
			);
			buildRules = (
			);
			dependencies = (
				C9B14385253FBA7E0013DC42 /* PBXTargetDependency */,
			);
			name = hero.esTests;
			productName = hero.esTests;
			productReference = C9B14383253FBA7E0013DC42 /* hero.esTests.xctest */;
			productType = "com.apple.product-type.bundle.unit-test";
		};
		C9B1438D253FBA7E0013DC42 /* hero.esUITests */ = {
			isa = PBXNativeTarget;
			buildConfigurationList = C9B1439D253FBA7E0013DC42 /* Build configuration list for PBXNativeTarget "hero.esUITests" */;
			buildPhases = (
				962AFCC015F94F003164D79C /* [CP] Check Pods Manifest.lock */,
				C9B1438A253FBA7E0013DC42 /* Sources */,
				C9B1438B253FBA7E0013DC42 /* Frameworks */,
				C9B1438C253FBA7E0013DC42 /* Resources */,
				F191ECD4705C8F41F93FE570 /* [CP] Embed Pods Frameworks */,
			);
			buildRules = (
			);
			dependencies = (
				C9B14390253FBA7E0013DC42 /* PBXTargetDependency */,
			);
			name = hero.esUITests;
			productName = hero.esUITests;
			productReference = C9B1438E253FBA7E0013DC42 /* hero.esUITests.xctest */;
			productType = "com.apple.product-type.bundle.ui-testing";
		};
/* End PBXNativeTarget section */

/* Begin PBXProject section */
		C9B14362253FBA400013DC42 /* Project object */ = {
			isa = PBXProject;
			attributes = {
				LastSwiftUpdateCheck = 1200;
				LastUpgradeCheck = 1200;
				TargetAttributes = {
					C9B14369253FBA400013DC42 = {
						CreatedOnToolsVersion = 12.0.1;
					};
					C9B14382253FBA7E0013DC42 = {
						CreatedOnToolsVersion = 12.0.1;
						TestTargetID = C9B14369253FBA400013DC42;
					};
					C9B1438D253FBA7E0013DC42 = {
						CreatedOnToolsVersion = 12.0.1;
						TestTargetID = C9B14369253FBA400013DC42;
					};
				};
			};
			buildConfigurationList = C9B14365253FBA400013DC42 /* Build configuration list for PBXProject "hero.es" */;
			compatibilityVersion = "Xcode 9.3";
			developmentRegion = en;
			hasScannedForEncodings = 0;
			knownRegions = (
				en,
				Base,
			);
			mainGroup = C9B14361253FBA400013DC42;
			productRefGroup = C9B1436B253FBA400013DC42 /* Products */;
			projectDirPath = "";
			projectRoot = "";
			targets = (
				C9B14369253FBA400013DC42 /* hero.es */,
				C9B14382253FBA7E0013DC42 /* hero.esTests */,
				C9B1438D253FBA7E0013DC42 /* hero.esUITests */,
			);
		};
/* End PBXProject section */

/* Begin PBXResourcesBuildPhase section */
		C9B14368253FBA400013DC42 /* Resources */ = {
			isa = PBXResourcesBuildPhase;
			buildActionMask = 2147483647;
			files = (
				C994421C2550CB23004F2D82 /* Config.storyboard in Resources */,
				C9B89A352541F808002946CA /* Main.storyboard in Resources */,
				C9B1437D253FBA6F0013DC42 /* LaunchScreen.storyboard in Resources */,
				C99442112550C19B004F2D82 /* Favorites.storyboard in Resources */,
				C9B1437A253FBA6F0013DC42 /* Assets.xcassets in Resources */,
				C98D7CFC254058CD00D95BC8 /* HeroListTableViewCell.xib in Resources */,
				C9B143AC253FD78F0013DC42 /* HeroesList.storyboard in Resources */,
				C9CD7E3C254330B1001E5E54 /* CreateAccount.storyboard in Resources */,
				C99441F525508225004F2D82 /* ComicsList.storyboard in Resources */,
				C9B89A3A2541F81D002946CA /* HeroDetails.storyboard in Resources */,
			);
			runOnlyForDeploymentPostprocessing = 0;
		};
		C9B14381253FBA7E0013DC42 /* Resources */ = {
			isa = PBXResourcesBuildPhase;
			buildActionMask = 2147483647;
			files = (
			);
			runOnlyForDeploymentPostprocessing = 0;
		};
		C9B1438C253FBA7E0013DC42 /* Resources */ = {
			isa = PBXResourcesBuildPhase;
			buildActionMask = 2147483647;
			files = (
			);
			runOnlyForDeploymentPostprocessing = 0;
		};
/* End PBXResourcesBuildPhase section */

/* Begin PBXShellScriptBuildPhase section */
		7FFD67700814E68F4D0A8777 /* [CP] Check Pods Manifest.lock */ = {
			isa = PBXShellScriptBuildPhase;
			buildActionMask = 2147483647;
			files = (
			);
			inputFileListPaths = (
			);
			inputPaths = (
				"${PODS_PODFILE_DIR_PATH}/Podfile.lock",
				"${PODS_ROOT}/Manifest.lock",
			);
			name = "[CP] Check Pods Manifest.lock";
			outputFileListPaths = (
			);
			outputPaths = (
				"$(DERIVED_FILE_DIR)/Pods-hero.es-checkManifestLockResult.txt",
			);
			runOnlyForDeploymentPostprocessing = 0;
			shellPath = /bin/sh;
			shellScript = "diff \"${PODS_PODFILE_DIR_PATH}/Podfile.lock\" \"${PODS_ROOT}/Manifest.lock\" > /dev/null\nif [ $? != 0 ] ; then\n    # print error to STDERR\n    echo \"error: The sandbox is not in sync with the Podfile.lock. Run 'pod install' or update your CocoaPods installation.\" >&2\n    exit 1\nfi\n# This output is used by Xcode 'outputs' to avoid re-running this script phase.\necho \"SUCCESS\" > \"${SCRIPT_OUTPUT_FILE_0}\"\n";
			showEnvVarsInLog = 0;
		};
		8AE267F28EA25A9F95D752EB /* [CP] Check Pods Manifest.lock */ = {
			isa = PBXShellScriptBuildPhase;
			buildActionMask = 2147483647;
			files = (
			);
			inputFileListPaths = (
			);
			inputPaths = (
				"${PODS_PODFILE_DIR_PATH}/Podfile.lock",
				"${PODS_ROOT}/Manifest.lock",
			);
			name = "[CP] Check Pods Manifest.lock";
			outputFileListPaths = (
			);
			outputPaths = (
				"$(DERIVED_FILE_DIR)/Pods-hero.esTests-checkManifestLockResult.txt",
			);
			runOnlyForDeploymentPostprocessing = 0;
			shellPath = /bin/sh;
			shellScript = "diff \"${PODS_PODFILE_DIR_PATH}/Podfile.lock\" \"${PODS_ROOT}/Manifest.lock\" > /dev/null\nif [ $? != 0 ] ; then\n    # print error to STDERR\n    echo \"error: The sandbox is not in sync with the Podfile.lock. Run 'pod install' or update your CocoaPods installation.\" >&2\n    exit 1\nfi\n# This output is used by Xcode 'outputs' to avoid re-running this script phase.\necho \"SUCCESS\" > \"${SCRIPT_OUTPUT_FILE_0}\"\n";
			showEnvVarsInLog = 0;
		};
		962AFCC015F94F003164D79C /* [CP] Check Pods Manifest.lock */ = {
			isa = PBXShellScriptBuildPhase;
			buildActionMask = 2147483647;
			files = (
			);
			inputFileListPaths = (
			);
			inputPaths = (
				"${PODS_PODFILE_DIR_PATH}/Podfile.lock",
				"${PODS_ROOT}/Manifest.lock",
			);
			name = "[CP] Check Pods Manifest.lock";
			outputFileListPaths = (
			);
			outputPaths = (
				"$(DERIVED_FILE_DIR)/Pods-hero.es-hero.esUITests-checkManifestLockResult.txt",
			);
			runOnlyForDeploymentPostprocessing = 0;
			shellPath = /bin/sh;
			shellScript = "diff \"${PODS_PODFILE_DIR_PATH}/Podfile.lock\" \"${PODS_ROOT}/Manifest.lock\" > /dev/null\nif [ $? != 0 ] ; then\n    # print error to STDERR\n    echo \"error: The sandbox is not in sync with the Podfile.lock. Run 'pod install' or update your CocoaPods installation.\" >&2\n    exit 1\nfi\n# This output is used by Xcode 'outputs' to avoid re-running this script phase.\necho \"SUCCESS\" > \"${SCRIPT_OUTPUT_FILE_0}\"\n";
			showEnvVarsInLog = 0;
		};
		F079EF8BA12BEE60604EAA86 /* [CP] Embed Pods Frameworks */ = {
			isa = PBXShellScriptBuildPhase;
			buildActionMask = 2147483647;
			files = (
			);
			inputFileListPaths = (
				"${PODS_ROOT}/Target Support Files/Pods-hero.es/Pods-hero.es-frameworks-${CONFIGURATION}-input-files.xcfilelist",
			);
			name = "[CP] Embed Pods Frameworks";
			outputFileListPaths = (
				"${PODS_ROOT}/Target Support Files/Pods-hero.es/Pods-hero.es-frameworks-${CONFIGURATION}-output-files.xcfilelist",
			);
			runOnlyForDeploymentPostprocessing = 0;
			shellPath = /bin/sh;
			shellScript = "\"${PODS_ROOT}/Target Support Files/Pods-hero.es/Pods-hero.es-frameworks.sh\"\n";
			showEnvVarsInLog = 0;
		};
		F191ECD4705C8F41F93FE570 /* [CP] Embed Pods Frameworks */ = {
			isa = PBXShellScriptBuildPhase;
			buildActionMask = 2147483647;
			files = (
			);
			inputFileListPaths = (
				"${PODS_ROOT}/Target Support Files/Pods-hero.es-hero.esUITests/Pods-hero.es-hero.esUITests-frameworks-${CONFIGURATION}-input-files.xcfilelist",
			);
			name = "[CP] Embed Pods Frameworks";
			outputFileListPaths = (
				"${PODS_ROOT}/Target Support Files/Pods-hero.es-hero.esUITests/Pods-hero.es-hero.esUITests-frameworks-${CONFIGURATION}-output-files.xcfilelist",
			);
			runOnlyForDeploymentPostprocessing = 0;
			shellPath = /bin/sh;
			shellScript = "\"${PODS_ROOT}/Target Support Files/Pods-hero.es-hero.esUITests/Pods-hero.es-hero.esUITests-frameworks.sh\"\n";
			showEnvVarsInLog = 0;
		};
/* End PBXShellScriptBuildPhase section */

/* Begin PBXSourcesBuildPhase section */
		C9B14366253FBA400013DC42 /* Sources */ = {
			isa = PBXSourcesBuildPhase;
			buildActionMask = 2147483647;
			files = (
				C9B14372253FBA400013DC42 /* MainViewController.swift in Sources */,
				C9B89A62254213B3002946CA /* Searchable.swift in Sources */,
				C99441FD25508241004F2D82 /* ComicsListViewController.swift in Sources */,
				C9B14378253FBA410013DC42 /* hero_es.xcdatamodeld in Sources */,
				C9B89A4A25420B5E002946CA /* ItemProtocol.swift in Sources */,
				C98D7D0C2540704C00D95BC8 /* HeroDetailsViewController.swift in Sources */,
				C9B52A3A2543AFCD00F9957D /* UIKitUtils.swift in Sources */,
				C9CD7E3725433083001E5E54 /* CreateAccountViewController.swift in Sources */,
				C99442162550CAFF004F2D82 /* ConfigViewController.swift in Sources */,
				C99442092550C18B004F2D82 /* FavoritesViewController.swift in Sources */,
				C9B89A4125420AF3002946CA /* Hero.swift in Sources */,
				C9CD7E43254341EC001E5E54 /* AppTabBar.swift in Sources */,
				C98D7CFB254058CD00D95BC8 /* HeroListTableViewCell.swift in Sources */,
				C97B903725411037004233F2 /* HeroesListViewController.swift in Sources */,
				C9B1436E253FBA400013DC42 /* AppDelegate.swift in Sources */,
				C9B89A5525420C97002946CA /* SeedProtocol.swift in Sources */,
				C9B14370253FBA400013DC42 /* SceneDelegate.swift in Sources */,
				C9B89A5A25420D4F002946CA /* HeroSeed.swift in Sources */,
			);
			runOnlyForDeploymentPostprocessing = 0;
		};
		C9B1437F253FBA7E0013DC42 /* Sources */ = {
			isa = PBXSourcesBuildPhase;
			buildActionMask = 2147483647;
			files = (
				C9B14388253FBA7E0013DC42 /* hero_esTests.swift in Sources */,
			);
			runOnlyForDeploymentPostprocessing = 0;
		};
		C9B1438A253FBA7E0013DC42 /* Sources */ = {
			isa = PBXSourcesBuildPhase;
			buildActionMask = 2147483647;
			files = (
				C9B14393253FBA7E0013DC42 /* hero_esUITests.swift in Sources */,
			);
			runOnlyForDeploymentPostprocessing = 0;
		};
/* End PBXSourcesBuildPhase section */

/* Begin PBXTargetDependency section */
		C9B14385253FBA7E0013DC42 /* PBXTargetDependency */ = {
			isa = PBXTargetDependency;
			target = C9B14369253FBA400013DC42 /* hero.es */;
			targetProxy = C9B14384253FBA7E0013DC42 /* PBXContainerItemProxy */;
		};
		C9B14390253FBA7E0013DC42 /* PBXTargetDependency */ = {
			isa = PBXTargetDependency;
			target = C9B14369253FBA400013DC42 /* hero.es */;
			targetProxy = C9B1438F253FBA7E0013DC42 /* PBXContainerItemProxy */;
		};
/* End PBXTargetDependency section */

/* Begin PBXVariantGroup section */
		C9B14373253FBA410013DC42 /* Main.storyboard */ = {
			isa = PBXVariantGroup;
			children = (
				C9B14374253FBA410013DC42 /* Base */,
			);
			name = Main.storyboard;
			sourceTree = "<group>";
		};
		C9B1437B253FBA6F0013DC42 /* LaunchScreen.storyboard */ = {
			isa = PBXVariantGroup;
			children = (
				C9B1437C253FBA6F0013DC42 /* Base */,
			);
			name = LaunchScreen.storyboard;
			sourceTree = "<group>";
		};
/* End PBXVariantGroup section */

/* Begin XCBuildConfiguration section */
		C9B14395253FBA7E0013DC42 /* Debug */ = {
			isa = XCBuildConfiguration;
			buildSettings = {
				ALWAYS_SEARCH_USER_PATHS = NO;
				CLANG_ANALYZER_NONNULL = YES;
				CLANG_ANALYZER_NUMBER_OBJECT_CONVERSION = YES_AGGRESSIVE;
				CLANG_CXX_LANGUAGE_STANDARD = "gnu++14";
				CLANG_CXX_LIBRARY = "libc++";
				CLANG_ENABLE_MODULES = YES;
				CLANG_ENABLE_OBJC_ARC = YES;
				CLANG_ENABLE_OBJC_WEAK = YES;
				CLANG_WARN_BLOCK_CAPTURE_AUTORELEASING = YES;
				CLANG_WARN_BOOL_CONVERSION = YES;
				CLANG_WARN_COMMA = YES;
				CLANG_WARN_CONSTANT_CONVERSION = YES;
				CLANG_WARN_DEPRECATED_OBJC_IMPLEMENTATIONS = YES;
				CLANG_WARN_DIRECT_OBJC_ISA_USAGE = YES_ERROR;
				CLANG_WARN_DOCUMENTATION_COMMENTS = YES;
				CLANG_WARN_EMPTY_BODY = YES;
				CLANG_WARN_ENUM_CONVERSION = YES;
				CLANG_WARN_INFINITE_RECURSION = YES;
				CLANG_WARN_INT_CONVERSION = YES;
				CLANG_WARN_NON_LITERAL_NULL_CONVERSION = YES;
				CLANG_WARN_OBJC_IMPLICIT_RETAIN_SELF = YES;
				CLANG_WARN_OBJC_LITERAL_CONVERSION = YES;
				CLANG_WARN_OBJC_ROOT_CLASS = YES_ERROR;
				CLANG_WARN_QUOTED_INCLUDE_IN_FRAMEWORK_HEADER = YES;
				CLANG_WARN_RANGE_LOOP_ANALYSIS = YES;
				CLANG_WARN_STRICT_PROTOTYPES = YES;
				CLANG_WARN_SUSPICIOUS_MOVE = YES;
				CLANG_WARN_UNGUARDED_AVAILABILITY = YES_AGGRESSIVE;
				CLANG_WARN_UNREACHABLE_CODE = YES;
				CLANG_WARN__DUPLICATE_METHOD_MATCH = YES;
				COPY_PHASE_STRIP = NO;
				DEBUG_INFORMATION_FORMAT = dwarf;
				ENABLE_STRICT_OBJC_MSGSEND = YES;
				ENABLE_TESTABILITY = YES;
				GCC_C_LANGUAGE_STANDARD = gnu11;
				GCC_DYNAMIC_NO_PIC = NO;
				GCC_NO_COMMON_BLOCKS = YES;
				GCC_OPTIMIZATION_LEVEL = 0;
				GCC_PREPROCESSOR_DEFINITIONS = (
					"DEBUG=1",
					"$(inherited)",
				);
				GCC_WARN_64_TO_32_BIT_CONVERSION = YES;
				GCC_WARN_ABOUT_RETURN_TYPE = YES_ERROR;
				GCC_WARN_UNDECLARED_SELECTOR = YES;
				GCC_WARN_UNINITIALIZED_AUTOS = YES_AGGRESSIVE;
				GCC_WARN_UNUSED_FUNCTION = YES;
				GCC_WARN_UNUSED_VARIABLE = YES;
				IPHONEOS_DEPLOYMENT_TARGET = 14.0;
				MTL_ENABLE_DEBUG_INFO = INCLUDE_SOURCE;
				MTL_FAST_MATH = YES;
				ONLY_ACTIVE_ARCH = YES;
				SDKROOT = iphoneos;
				SWIFT_ACTIVE_COMPILATION_CONDITIONS = DEBUG;
				SWIFT_OPTIMIZATION_LEVEL = "-Onone";
			};
			name = Debug;
		};
		C9B14396253FBA7E0013DC42 /* Release */ = {
			isa = XCBuildConfiguration;
			buildSettings = {
				ALWAYS_SEARCH_USER_PATHS = NO;
				CLANG_ANALYZER_NONNULL = YES;
				CLANG_ANALYZER_NUMBER_OBJECT_CONVERSION = YES_AGGRESSIVE;
				CLANG_CXX_LANGUAGE_STANDARD = "gnu++14";
				CLANG_CXX_LIBRARY = "libc++";
				CLANG_ENABLE_MODULES = YES;
				CLANG_ENABLE_OBJC_ARC = YES;
				CLANG_ENABLE_OBJC_WEAK = YES;
				CLANG_WARN_BLOCK_CAPTURE_AUTORELEASING = YES;
				CLANG_WARN_BOOL_CONVERSION = YES;
				CLANG_WARN_COMMA = YES;
				CLANG_WARN_CONSTANT_CONVERSION = YES;
				CLANG_WARN_DEPRECATED_OBJC_IMPLEMENTATIONS = YES;
				CLANG_WARN_DIRECT_OBJC_ISA_USAGE = YES_ERROR;
				CLANG_WARN_DOCUMENTATION_COMMENTS = YES;
				CLANG_WARN_EMPTY_BODY = YES;
				CLANG_WARN_ENUM_CONVERSION = YES;
				CLANG_WARN_INFINITE_RECURSION = YES;
				CLANG_WARN_INT_CONVERSION = YES;
				CLANG_WARN_NON_LITERAL_NULL_CONVERSION = YES;
				CLANG_WARN_OBJC_IMPLICIT_RETAIN_SELF = YES;
				CLANG_WARN_OBJC_LITERAL_CONVERSION = YES;
				CLANG_WARN_OBJC_ROOT_CLASS = YES_ERROR;
				CLANG_WARN_QUOTED_INCLUDE_IN_FRAMEWORK_HEADER = YES;
				CLANG_WARN_RANGE_LOOP_ANALYSIS = YES;
				CLANG_WARN_STRICT_PROTOTYPES = YES;
				CLANG_WARN_SUSPICIOUS_MOVE = YES;
				CLANG_WARN_UNGUARDED_AVAILABILITY = YES_AGGRESSIVE;
				CLANG_WARN_UNREACHABLE_CODE = YES;
				CLANG_WARN__DUPLICATE_METHOD_MATCH = YES;
				COPY_PHASE_STRIP = NO;
				DEBUG_INFORMATION_FORMAT = "dwarf-with-dsym";
				ENABLE_NS_ASSERTIONS = NO;
				ENABLE_STRICT_OBJC_MSGSEND = YES;
				GCC_C_LANGUAGE_STANDARD = gnu11;
				GCC_NO_COMMON_BLOCKS = YES;
				GCC_WARN_64_TO_32_BIT_CONVERSION = YES;
				GCC_WARN_ABOUT_RETURN_TYPE = YES_ERROR;
				GCC_WARN_UNDECLARED_SELECTOR = YES;
				GCC_WARN_UNINITIALIZED_AUTOS = YES_AGGRESSIVE;
				GCC_WARN_UNUSED_FUNCTION = YES;
				GCC_WARN_UNUSED_VARIABLE = YES;
				IPHONEOS_DEPLOYMENT_TARGET = 14.0;
				MTL_ENABLE_DEBUG_INFO = NO;
				MTL_FAST_MATH = YES;
				SDKROOT = iphoneos;
				SWIFT_COMPILATION_MODE = wholemodule;
				SWIFT_OPTIMIZATION_LEVEL = "-O";
				VALIDATE_PRODUCT = YES;
			};
			name = Release;
		};
		C9B14398253FBA7E0013DC42 /* Debug */ = {
			isa = XCBuildConfiguration;
			baseConfigurationReference = FF93D6BB371CE1FCA5D5A313 /* Pods-hero.es.debug.xcconfig */;
			buildSettings = {
				ASSETCATALOG_COMPILER_APPICON_NAME = AppIcon;
				ASSETCATALOG_COMPILER_GLOBAL_ACCENT_COLOR_NAME = AccentColor;
				CODE_SIGN_STYLE = Automatic;
				DEVELOPMENT_TEAM = 7N4P82U958;
				INFOPLIST_FILE = hero.es/Info.plist;
				LD_RUNPATH_SEARCH_PATHS = (
					"$(inherited)",
					"@executable_path/Frameworks",
				);
				PRODUCT_BUNDLE_IDENTIFIER = "com.github.marivaldosena.hero-es";
				PRODUCT_NAME = "$(TARGET_NAME)";
				SWIFT_VERSION = 5.0;
				TARGETED_DEVICE_FAMILY = "1,2";
			};
			name = Debug;
		};
		C9B14399253FBA7E0013DC42 /* Release */ = {
			isa = XCBuildConfiguration;
			baseConfigurationReference = 56259D78014D200E9265C529 /* Pods-hero.es.release.xcconfig */;
			buildSettings = {
				ASSETCATALOG_COMPILER_APPICON_NAME = AppIcon;
				ASSETCATALOG_COMPILER_GLOBAL_ACCENT_COLOR_NAME = AccentColor;
				CODE_SIGN_STYLE = Automatic;
				DEVELOPMENT_TEAM = 7N4P82U958;
				INFOPLIST_FILE = hero.es/Info.plist;
				LD_RUNPATH_SEARCH_PATHS = (
					"$(inherited)",
					"@executable_path/Frameworks",
				);
				PRODUCT_BUNDLE_IDENTIFIER = "com.github.marivaldosena.hero-es";
				PRODUCT_NAME = "$(TARGET_NAME)";
				SWIFT_VERSION = 5.0;
				TARGETED_DEVICE_FAMILY = "1,2";
			};
			name = Release;
		};
		C9B1439B253FBA7E0013DC42 /* Debug */ = {
			isa = XCBuildConfiguration;
			baseConfigurationReference = 6CF671E52F3F6F7FFDF8B9C3 /* Pods-hero.esTests.debug.xcconfig */;
			buildSettings = {
				ALWAYS_EMBED_SWIFT_STANDARD_LIBRARIES = YES;
				BUNDLE_LOADER = "$(TEST_HOST)";
				CODE_SIGN_STYLE = Automatic;
				DEVELOPMENT_TEAM = 7N4P82U958;
				INFOPLIST_FILE = hero.esTests/Info.plist;
				IPHONEOS_DEPLOYMENT_TARGET = 14.0;
				LD_RUNPATH_SEARCH_PATHS = (
					"$(inherited)",
					"@executable_path/Frameworks",
					"@loader_path/Frameworks",
				);
				PRODUCT_BUNDLE_IDENTIFIER = "com.github.marivaldosena.hero-esTests";
				PRODUCT_NAME = "$(TARGET_NAME)";
				SWIFT_VERSION = 5.0;
				TARGETED_DEVICE_FAMILY = "1,2";
				TEST_HOST = "$(BUILT_PRODUCTS_DIR)/hero.es.app/hero.es";
			};
			name = Debug;
		};
		C9B1439C253FBA7E0013DC42 /* Release */ = {
			isa = XCBuildConfiguration;
			baseConfigurationReference = 9D8E5A1CFF566C8FA17C41E6 /* Pods-hero.esTests.release.xcconfig */;
			buildSettings = {
				ALWAYS_EMBED_SWIFT_STANDARD_LIBRARIES = YES;
				BUNDLE_LOADER = "$(TEST_HOST)";
				CODE_SIGN_STYLE = Automatic;
				DEVELOPMENT_TEAM = 7N4P82U958;
				INFOPLIST_FILE = hero.esTests/Info.plist;
				IPHONEOS_DEPLOYMENT_TARGET = 14.0;
				LD_RUNPATH_SEARCH_PATHS = (
					"$(inherited)",
					"@executable_path/Frameworks",
					"@loader_path/Frameworks",
				);
				PRODUCT_BUNDLE_IDENTIFIER = "com.github.marivaldosena.hero-esTests";
				PRODUCT_NAME = "$(TARGET_NAME)";
				SWIFT_VERSION = 5.0;
				TARGETED_DEVICE_FAMILY = "1,2";
				TEST_HOST = "$(BUILT_PRODUCTS_DIR)/hero.es.app/hero.es";
			};
			name = Release;
		};
		C9B1439E253FBA7E0013DC42 /* Debug */ = {
			isa = XCBuildConfiguration;
			baseConfigurationReference = F85A11331F4B3700DA65B21C /* Pods-hero.es-hero.esUITests.debug.xcconfig */;
			buildSettings = {
				ALWAYS_EMBED_SWIFT_STANDARD_LIBRARIES = YES;
				CODE_SIGN_STYLE = Automatic;
				DEVELOPMENT_TEAM = 7N4P82U958;
				INFOPLIST_FILE = hero.esUITests/Info.plist;
				LD_RUNPATH_SEARCH_PATHS = (
					"$(inherited)",
					"@executable_path/Frameworks",
					"@loader_path/Frameworks",
				);
				PRODUCT_BUNDLE_IDENTIFIER = "com.github.marivaldosena.hero-esUITests";
				PRODUCT_NAME = "$(TARGET_NAME)";
				SWIFT_VERSION = 5.0;
				TARGETED_DEVICE_FAMILY = "1,2";
				TEST_TARGET_NAME = hero.es;
			};
			name = Debug;
		};
		C9B1439F253FBA7E0013DC42 /* Release */ = {
			isa = XCBuildConfiguration;
			baseConfigurationReference = 2518CB40F3E47BB029DD3427 /* Pods-hero.es-hero.esUITests.release.xcconfig */;
			buildSettings = {
				ALWAYS_EMBED_SWIFT_STANDARD_LIBRARIES = YES;
				CODE_SIGN_STYLE = Automatic;
				DEVELOPMENT_TEAM = 7N4P82U958;
				INFOPLIST_FILE = hero.esUITests/Info.plist;
				LD_RUNPATH_SEARCH_PATHS = (
					"$(inherited)",
					"@executable_path/Frameworks",
					"@loader_path/Frameworks",
				);
				PRODUCT_BUNDLE_IDENTIFIER = "com.github.marivaldosena.hero-esUITests";
				PRODUCT_NAME = "$(TARGET_NAME)";
				SWIFT_VERSION = 5.0;
				TARGETED_DEVICE_FAMILY = "1,2";
				TEST_TARGET_NAME = hero.es;
			};
			name = Release;
		};
/* End XCBuildConfiguration section */

/* Begin XCConfigurationList section */
		C9B14365253FBA400013DC42 /* Build configuration list for PBXProject "hero.es" */ = {
			isa = XCConfigurationList;
			buildConfigurations = (
				C9B14395253FBA7E0013DC42 /* Debug */,
				C9B14396253FBA7E0013DC42 /* Release */,
			);
			defaultConfigurationIsVisible = 0;
			defaultConfigurationName = Release;
		};
		C9B14397253FBA7E0013DC42 /* Build configuration list for PBXNativeTarget "hero.es" */ = {
			isa = XCConfigurationList;
			buildConfigurations = (
				C9B14398253FBA7E0013DC42 /* Debug */,
				C9B14399253FBA7E0013DC42 /* Release */,
			);
			defaultConfigurationIsVisible = 0;
			defaultConfigurationName = Release;
		};
		C9B1439A253FBA7E0013DC42 /* Build configuration list for PBXNativeTarget "hero.esTests" */ = {
			isa = XCConfigurationList;
			buildConfigurations = (
				C9B1439B253FBA7E0013DC42 /* Debug */,
				C9B1439C253FBA7E0013DC42 /* Release */,
			);
			defaultConfigurationIsVisible = 0;
			defaultConfigurationName = Release;
		};
		C9B1439D253FBA7E0013DC42 /* Build configuration list for PBXNativeTarget "hero.esUITests" */ = {
			isa = XCConfigurationList;
			buildConfigurations = (
				C9B1439E253FBA7E0013DC42 /* Debug */,
				C9B1439F253FBA7E0013DC42 /* Release */,
			);
			defaultConfigurationIsVisible = 0;
			defaultConfigurationName = Release;
		};
/* End XCConfigurationList section */

/* Begin XCVersionGroup section */
		C9B14376253FBA410013DC42 /* hero_es.xcdatamodeld */ = {
			isa = XCVersionGroup;
			children = (
				C9B14377253FBA410013DC42 /* hero_es.xcdatamodel */,
			);
			currentVersion = C9B14377253FBA410013DC42 /* hero_es.xcdatamodel */;
			path = hero_es.xcdatamodeld;
			sourceTree = "<group>";
			versionGroupType = wrapper.xcdatamodel;
		};
/* End XCVersionGroup section */
	};
	rootObject = C9B14362253FBA400013DC42 /* Project object */;
}
